// !$*UTF8*$!
{
	archiveVersion = 1;
	classes = {
	};
	objectVersion = 46;
	objects = {

/* Begin PBXBuildFile section */
		740FBFD21E4F806500739808 /* EnexOrgWriter.swift in Sources */ = {isa = PBXBuildFile; fileRef = 740FBFD11E4F806500739808 /* EnexOrgWriter.swift */; };
		744EF0491E47202300DB1E81 /* Element.swift in Sources */ = {isa = PBXBuildFile; fileRef = 744EF0481E47202300DB1E81 /* Element.swift */; };
		744EF04D1E47220700DB1E81 /* ConsoleIO.swift in Sources */ = {isa = PBXBuildFile; fileRef = 744EF04A1E47220700DB1E81 /* ConsoleIO.swift */; };
		744EF04E1E47220700DB1E81 /* EverOrg.swift in Sources */ = {isa = PBXBuildFile; fileRef = 744EF04B1E47220700DB1E81 /* EverOrg.swift */; };
		744EF04F1E47220700DB1E81 /* main.swift in Sources */ = {isa = PBXBuildFile; fileRef = 744EF04C1E47220700DB1E81 /* main.swift */; };
		744EF0521E47224900DB1E81 /* EnexParser.swift in Sources */ = {isa = PBXBuildFile; fileRef = 744EF0501E47224900DB1E81 /* EnexParser.swift */; };
		744EF0531E47224900DB1E81 /* EnmlParser.swift in Sources */ = {isa = PBXBuildFile; fileRef = 744EF0511E47224900DB1E81 /* EnmlParser.swift */; };
		744EF0551E47225C00DB1E81 /* Note.swift in Sources */ = {isa = PBXBuildFile; fileRef = 744EF0541E47225C00DB1E81 /* Note.swift */; };
		744EF05D1E472D4D00DB1E81 /* EverOrgTests.swift in Sources */ = {isa = PBXBuildFile; fileRef = 744EF05C1E472D4D00DB1E81 /* EverOrgTests.swift */; };
		744EF0641E477AB000DB1E81 /* EverNoteExportTestData.enex in Resources */ = {isa = PBXBuildFile; fileRef = 744EF0631E477AB000DB1E81 /* EverNoteExportTestData.enex */; };
		744EF0651E47820200DB1E81 /* EnexParser.swift in Sources */ = {isa = PBXBuildFile; fileRef = 744EF0501E47224900DB1E81 /* EnexParser.swift */; };
		744EF0661E47824E00DB1E81 /* Note.swift in Sources */ = {isa = PBXBuildFile; fileRef = 744EF0541E47225C00DB1E81 /* Note.swift */; };
		744EF0681E47825D00DB1E81 /* Element.swift in Sources */ = {isa = PBXBuildFile; fileRef = 744EF0481E47202300DB1E81 /* Element.swift */; };
		744EF06A1E47825D00DB1E81 /* ConsoleIO.swift in Sources */ = {isa = PBXBuildFile; fileRef = 744EF04A1E47220700DB1E81 /* ConsoleIO.swift */; };
		744EF06B1E47825D00DB1E81 /* EverOrg.swift in Sources */ = {isa = PBXBuildFile; fileRef = 744EF04B1E47220700DB1E81 /* EverOrg.swift */; };
		744EF06C1E47825D00DB1E81 /* main.swift in Sources */ = {isa = PBXBuildFile; fileRef = 744EF04C1E47220700DB1E81 /* main.swift */; };
		744EF06D1E47825D00DB1E81 /* EnmlParser.swift in Sources */ = {isa = PBXBuildFile; fileRef = 744EF0511E47224900DB1E81 /* EnmlParser.swift */; };
		747451771E48EF6500D18E18 /* Data+Extension.swift in Sources */ = {isa = PBXBuildFile; fileRef = 747451761E48EF6500D18E18 /* Data+Extension.swift */; };
		747451791E48F17100D18E18 /* Data+Extension.swift in Sources */ = {isa = PBXBuildFile; fileRef = 747451761E48EF6500D18E18 /* Data+Extension.swift */; };
		747451861E49B4DB00D18E18 /* EnexParser+AddProperties.swift in Sources */ = {isa = PBXBuildFile; fileRef = 747451851E49B4DB00D18E18 /* EnexParser+AddProperties.swift */; };
		7474518A1E49B67200D18E18 /* EnmlParser+AddProperties.swift in Sources */ = {isa = PBXBuildFile; fileRef = 747451891E49B67200D18E18 /* EnmlParser+AddProperties.swift */; };
		7474518B1E49B7E300D18E18 /* EnmlParser+AddProperties.swift in Sources */ = {isa = PBXBuildFile; fileRef = 747451891E49B67200D18E18 /* EnmlParser+AddProperties.swift */; };
		7474518C1E49B7E600D18E18 /* EnexParser+AddProperties.swift in Sources */ = {isa = PBXBuildFile; fileRef = 747451851E49B4DB00D18E18 /* EnexParser+AddProperties.swift */; };
/* End PBXBuildFile section */

/* Begin PBXCopyFilesBuildPhase section */
		744EF0291E44FCA700DB1E81 /* CopyFiles */ = {
			isa = PBXCopyFilesBuildPhase;
			buildActionMask = 2147483647;
			dstPath = /usr/share/man/man1/;
			dstSubfolderSpec = 0;
			files = (
			);
			runOnlyForDeploymentPostprocessing = 1;
		};
/* End PBXCopyFilesBuildPhase section */

/* Begin PBXFileReference section */
		740FBFD11E4F806500739808 /* EnexOrgWriter.swift */ = {isa = PBXFileReference; fileEncoding = 4; lastKnownFileType = sourcecode.swift; name = EnexOrgWriter.swift; path = Parser/EnexOrgWriter.swift; sourceTree = "<group>"; };
		744EF02B1E44FCA700DB1E81 /* EverOrg */ = {isa = PBXFileReference; explicitFileType = "compiled.mach-o.executable"; includeInIndex = 0; path = EverOrg; sourceTree = BUILT_PRODUCTS_DIR; };
		744EF0481E47202300DB1E81 /* Element.swift */ = {isa = PBXFileReference; fileEncoding = 4; lastKnownFileType = sourcecode.swift; name = Element.swift; path = Model/Element.swift; sourceTree = "<group>"; };
		744EF04A1E47220700DB1E81 /* ConsoleIO.swift */ = {isa = PBXFileReference; fileEncoding = 4; lastKnownFileType = sourcecode.swift; name = ConsoleIO.swift; path = main/ConsoleIO.swift; sourceTree = "<group>"; };
		744EF04B1E47220700DB1E81 /* EverOrg.swift */ = {isa = PBXFileReference; fileEncoding = 4; lastKnownFileType = sourcecode.swift; name = EverOrg.swift; path = main/EverOrg.swift; sourceTree = "<group>"; };
		744EF04C1E47220700DB1E81 /* main.swift */ = {isa = PBXFileReference; fileEncoding = 4; lastKnownFileType = sourcecode.swift; name = main.swift; path = main/main.swift; sourceTree = "<group>"; };
		744EF0501E47224900DB1E81 /* EnexParser.swift */ = {isa = PBXFileReference; fileEncoding = 4; lastKnownFileType = sourcecode.swift; name = EnexParser.swift; path = Parser/EnexParser.swift; sourceTree = "<group>"; };
		744EF0511E47224900DB1E81 /* EnmlParser.swift */ = {isa = PBXFileReference; fileEncoding = 4; lastKnownFileType = sourcecode.swift; name = EnmlParser.swift; path = Parser/EnmlParser.swift; sourceTree = "<group>"; };
		744EF0541E47225C00DB1E81 /* Note.swift */ = {isa = PBXFileReference; fileEncoding = 4; lastKnownFileType = sourcecode.swift; name = Note.swift; path = Model/Note.swift; sourceTree = "<group>"; };
		744EF05A1E472D4D00DB1E81 /* EverOrgTests.xctest */ = {isa = PBXFileReference; explicitFileType = wrapper.cfbundle; includeInIndex = 0; path = EverOrgTests.xctest; sourceTree = BUILT_PRODUCTS_DIR; };
		744EF05C1E472D4D00DB1E81 /* EverOrgTests.swift */ = {isa = PBXFileReference; lastKnownFileType = sourcecode.swift; path = EverOrgTests.swift; sourceTree = "<group>"; };
		744EF05E1E472D4D00DB1E81 /* Info.plist */ = {isa = PBXFileReference; lastKnownFileType = text.plist.xml; path = Info.plist; sourceTree = "<group>"; };
		744EF0631E477AB000DB1E81 /* EverNoteExportTestData.enex */ = {isa = PBXFileReference; fileEncoding = 4; lastKnownFileType = text.xml; path = EverNoteExportTestData.enex; sourceTree = "<group>"; };
		747451761E48EF6500D18E18 /* Data+Extension.swift */ = {isa = PBXFileReference; fileEncoding = 4; lastKnownFileType = sourcecode.swift; name = "Data+Extension.swift"; path = "EverOrg/Extensions/Data+Extension.swift"; sourceTree = "<group>"; };
		747451821E48F4D200D18E18 /* EverOrg-Bridging-Header.h */ = {isa = PBXFileReference; lastKnownFileType = sourcecode.c.h; path = "EverOrg-Bridging-Header.h"; sourceTree = "<group>"; };
		747451851E49B4DB00D18E18 /* EnexParser+AddProperties.swift */ = {isa = PBXFileReference; fileEncoding = 4; lastKnownFileType = sourcecode.swift; name = "EnexParser+AddProperties.swift"; path = "Parser/EnexParser+AddProperties.swift"; sourceTree = "<group>"; };
		747451891E49B67200D18E18 /* EnmlParser+AddProperties.swift */ = {isa = PBXFileReference; fileEncoding = 4; lastKnownFileType = sourcecode.swift; name = "EnmlParser+AddProperties.swift"; path = "Parser/EnmlParser+AddProperties.swift"; sourceTree = "<group>"; };
/* End PBXFileReference section */

/* Begin PBXFrameworksBuildPhase section */
		744EF0281E44FCA700DB1E81 /* Frameworks */ = {
			isa = PBXFrameworksBuildPhase;
			buildActionMask = 2147483647;
			files = (
			);
			runOnlyForDeploymentPostprocessing = 0;
		};
		744EF0571E472D4D00DB1E81 /* Frameworks */ = {
			isa = PBXFrameworksBuildPhase;
			buildActionMask = 2147483647;
			files = (
			);
			runOnlyForDeploymentPostprocessing = 0;
		};
/* End PBXFrameworksBuildPhase section */

/* Begin PBXGroup section */
		744EF0221E44FCA700DB1E81 = {
			isa = PBXGroup;
			children = (
				747451761E48EF6500D18E18 /* Data+Extension.swift */,
				744EF02D1E44FCA700DB1E81 /* EverOrg */,
				744EF05B1E472D4D00DB1E81 /* EverOrgTests */,
				744EF02C1E44FCA700DB1E81 /* Products */,
				747451821E48F4D200D18E18 /* EverOrg-Bridging-Header.h */,
			);
			sourceTree = "<group>";
		};
		744EF02C1E44FCA700DB1E81 /* Products */ = {
			isa = PBXGroup;
			children = (
				744EF02B1E44FCA700DB1E81 /* EverOrg */,
				744EF05A1E472D4D00DB1E81 /* EverOrgTests.xctest */,
			);
			name = Products;
			sourceTree = "<group>";
		};
		744EF02D1E44FCA700DB1E81 /* EverOrg */ = {
			isa = PBXGroup;
			children = (
				744EF0431E471DF900DB1E81 /* Model */,
				744EF0421E471DEE00DB1E81 /* main */,
				744EF0411E471DD700DB1E81 /* Parser */,
			);
			path = EverOrg;
			sourceTree = "<group>";
		};
		744EF0411E471DD700DB1E81 /* Parser */ = {
			isa = PBXGroup;
			children = (
				744EF0501E47224900DB1E81 /* EnexParser.swift */,
				747451851E49B4DB00D18E18 /* EnexParser+AddProperties.swift */,
				744EF0511E47224900DB1E81 /* EnmlParser.swift */,
				740FBFD11E4F806500739808 /* EnexOrgWriter.swift */,
				747451891E49B67200D18E18 /* EnmlParser+AddProperties.swift */,
			);
			name = Parser;
			sourceTree = "<group>";
		};
		744EF0421E471DEE00DB1E81 /* main */ = {
			isa = PBXGroup;
			children = (
				744EF04A1E47220700DB1E81 /* ConsoleIO.swift */,
				744EF04B1E47220700DB1E81 /* EverOrg.swift */,
				744EF04C1E47220700DB1E81 /* main.swift */,
			);
			name = main;
			sourceTree = "<group>";
		};
		744EF0431E471DF900DB1E81 /* Model */ = {
			isa = PBXGroup;
			children = (
				744EF0541E47225C00DB1E81 /* Note.swift */,
				744EF0481E47202300DB1E81 /* Element.swift */,
			);
			name = Model;
			sourceTree = "<group>";
		};
		744EF05B1E472D4D00DB1E81 /* EverOrgTests */ = {
			isa = PBXGroup;
			children = (
				744EF0621E477AB000DB1E81 /* Resources */,
				744EF05C1E472D4D00DB1E81 /* EverOrgTests.swift */,
				744EF05E1E472D4D00DB1E81 /* Info.plist */,
			);
			path = EverOrgTests;
			sourceTree = "<group>";
		};
		744EF0621E477AB000DB1E81 /* Resources */ = {
			isa = PBXGroup;
			children = (
				744EF0631E477AB000DB1E81 /* EverNoteExportTestData.enex */,
			);
			path = Resources;
			sourceTree = "<group>";
		};
/* End PBXGroup section */

/* Begin PBXNativeTarget section */
		744EF02A1E44FCA700DB1E81 /* EverOrg */ = {
			isa = PBXNativeTarget;
			buildConfigurationList = 744EF0321E44FCA700DB1E81 /* Build configuration list for PBXNativeTarget "EverOrg" */;
			buildPhases = (
				744EF0271E44FCA700DB1E81 /* Sources */,
				744EF0281E44FCA700DB1E81 /* Frameworks */,
				744EF0291E44FCA700DB1E81 /* CopyFiles */,
			);
			buildRules = (
			);
			dependencies = (
			);
			name = EverOrg;
			productName = EverOrg;
			productReference = 744EF02B1E44FCA700DB1E81 /* EverOrg */;
			productType = "com.apple.product-type.tool";
		};
		744EF0591E472D4D00DB1E81 /* EverOrgTests */ = {
			isa = PBXNativeTarget;
			buildConfigurationList = 744EF05F1E472D4D00DB1E81 /* Build configuration list for PBXNativeTarget "EverOrgTests" */;
			buildPhases = (
				744EF0561E472D4D00DB1E81 /* Sources */,
				744EF0571E472D4D00DB1E81 /* Frameworks */,
				744EF0581E472D4D00DB1E81 /* Resources */,
			);
			buildRules = (
			);
			dependencies = (
			);
			name = EverOrgTests;
			productName = EverOrgTests;
			productReference = 744EF05A1E472D4D00DB1E81 /* EverOrgTests.xctest */;
			productType = "com.apple.product-type.bundle.unit-test";
		};
/* End PBXNativeTarget section */

/* Begin PBXProject section */
		744EF0231E44FCA700DB1E81 /* Project object */ = {
			isa = PBXProject;
			attributes = {
				LastSwiftUpdateCheck = 0820;
				LastUpgradeCheck = 0820;
				ORGANIZATIONNAME = "Mario Martelli";
				TargetAttributes = {
					744EF02A1E44FCA700DB1E81 = {
						CreatedOnToolsVersion = 8.2.1;
						LastSwiftMigration = 0820;
						ProvisioningStyle = Automatic;
					};
					744EF0591E472D4D00DB1E81 = {
						CreatedOnToolsVersion = 8.2.1;
						DevelopmentTeam = 9VWR9JYXC6;
						ProvisioningStyle = Automatic;
					};
				};
			};
			buildConfigurationList = 744EF0261E44FCA700DB1E81 /* Build configuration list for PBXProject "EverOrg" */;
			compatibilityVersion = "Xcode 3.2";
			developmentRegion = English;
			hasScannedForEncodings = 0;
			knownRegions = (
				en,
			);
			mainGroup = 744EF0221E44FCA700DB1E81;
			productRefGroup = 744EF02C1E44FCA700DB1E81 /* Products */;
			projectDirPath = "";
			projectRoot = "";
			targets = (
				744EF02A1E44FCA700DB1E81 /* EverOrg */,
				744EF0591E472D4D00DB1E81 /* EverOrgTests */,
			);
		};
/* End PBXProject section */

/* Begin PBXResourcesBuildPhase section */
		744EF0581E472D4D00DB1E81 /* Resources */ = {
			isa = PBXResourcesBuildPhase;
			buildActionMask = 2147483647;
			files = (
				744EF0641E477AB000DB1E81 /* EverNoteExportTestData.enex in Resources */,
			);
			runOnlyForDeploymentPostprocessing = 0;
		};
/* End PBXResourcesBuildPhase section */

/* Begin PBXSourcesBuildPhase section */
		744EF0271E44FCA700DB1E81 /* Sources */ = {
			isa = PBXSourcesBuildPhase;
			buildActionMask = 2147483647;
			files = (
				744EF04E1E47220700DB1E81 /* EverOrg.swift in Sources */,
				744EF0531E47224900DB1E81 /* EnmlParser.swift in Sources */,
				744EF04F1E47220700DB1E81 /* main.swift in Sources */,
				7474518A1E49B67200D18E18 /* EnmlParser+AddProperties.swift in Sources */,
				744EF0491E47202300DB1E81 /* Element.swift in Sources */,
				744EF0551E47225C00DB1E81 /* Note.swift in Sources */,
				747451771E48EF6500D18E18 /* Data+Extension.swift in Sources */,
				740FBFD21E4F806500739808 /* EnexOrgWriter.swift in Sources */,
				744EF0521E47224900DB1E81 /* EnexParser.swift in Sources */,
				744EF04D1E47220700DB1E81 /* ConsoleIO.swift in Sources */,
				747451861E49B4DB00D18E18 /* EnexParser+AddProperties.swift in Sources */,
			);
			runOnlyForDeploymentPostprocessing = 0;
		};
		744EF0561E472D4D00DB1E81 /* Sources */ = {
			isa = PBXSourcesBuildPhase;
			buildActionMask = 2147483647;
			files = (
				744EF0651E47820200DB1E81 /* EnexParser.swift in Sources */,
				744EF06A1E47825D00DB1E81 /* ConsoleIO.swift in Sources */,
				744EF06C1E47825D00DB1E81 /* main.swift in Sources */,
				744EF06B1E47825D00DB1E81 /* EverOrg.swift in Sources */,
				744EF05D1E472D4D00DB1E81 /* EverOrgTests.swift in Sources */,
				744EF0661E47824E00DB1E81 /* Note.swift in Sources */,
				747451791E48F17100D18E18 /* Data+Extension.swift in Sources */,
				744EF06D1E47825D00DB1E81 /* EnmlParser.swift in Sources */,
				744EF0681E47825D00DB1E81 /* Element.swift in Sources */,
				7474518B1E49B7E300D18E18 /* EnmlParser+AddProperties.swift in Sources */,
				7474518C1E49B7E600D18E18 /* EnexParser+AddProperties.swift in Sources */,
			);
			runOnlyForDeploymentPostprocessing = 0;
		};
/* End PBXSourcesBuildPhase section */

/* Begin XCBuildConfiguration section */
		744EF0301E44FCA700DB1E81 /* Debug */ = {
			isa = XCBuildConfiguration;
			buildSettings = {
				ALWAYS_SEARCH_USER_PATHS = NO;
				CLANG_ANALYZER_NONNULL = YES;
				CLANG_CXX_LANGUAGE_STANDARD = "gnu++0x";
				CLANG_CXX_LIBRARY = "libc++";
				CLANG_ENABLE_MODULES = YES;
				CLANG_ENABLE_OBJC_ARC = YES;
				CLANG_WARN_BOOL_CONVERSION = YES;
				CLANG_WARN_CONSTANT_CONVERSION = YES;
				CLANG_WARN_DIRECT_OBJC_ISA_USAGE = YES_ERROR;
				CLANG_WARN_DOCUMENTATION_COMMENTS = YES;
				CLANG_WARN_EMPTY_BODY = YES;
				CLANG_WARN_ENUM_CONVERSION = YES;
				CLANG_WARN_INFINITE_RECURSION = YES;
				CLANG_WARN_INT_CONVERSION = YES;
				CLANG_WARN_OBJC_ROOT_CLASS = YES_ERROR;
				CLANG_WARN_SUSPICIOUS_MOVE = YES;
				CLANG_WARN_UNREACHABLE_CODE = YES;
				CLANG_WARN__DUPLICATE_METHOD_MATCH = YES;
				CODE_SIGN_IDENTITY = "-";
				COPY_PHASE_STRIP = NO;
				DEBUG_INFORMATION_FORMAT = dwarf;
				ENABLE_STRICT_OBJC_MSGSEND = YES;
				ENABLE_TESTABILITY = YES;
				GCC_C_LANGUAGE_STANDARD = gnu99;
				GCC_DYNAMIC_NO_PIC = NO;
				GCC_NO_COMMON_BLOCKS = YES;
				GCC_OPTIMIZATION_LEVEL = 0;
				GCC_PREPROCESSOR_DEFINITIONS = (
					"DEBUG=1",
					"$(inherited)",
				);
				GCC_WARN_64_TO_32_BIT_CONVERSION = YES;
				GCC_WARN_ABOUT_RETURN_TYPE = YES_ERROR;
				GCC_WARN_UNDECLARED_SELECTOR = YES;
				GCC_WARN_UNINITIALIZED_AUTOS = YES_AGGRESSIVE;
				GCC_WARN_UNUSED_FUNCTION = YES;
				GCC_WARN_UNUSED_VARIABLE = YES;
				MACOSX_DEPLOYMENT_TARGET = 10.12;
				MTL_ENABLE_DEBUG_INFO = YES;
				ONLY_ACTIVE_ARCH = YES;
				SDKROOT = macosx;
				SWIFT_OPTIMIZATION_LEVEL = "-Onone";
			};
			name = Debug;
		};
		744EF0311E44FCA700DB1E81 /* Release */ = {
			isa = XCBuildConfiguration;
			buildSettings = {
				ALWAYS_SEARCH_USER_PATHS = NO;
				CLANG_ANALYZER_NONNULL = YES;
				CLANG_CXX_LANGUAGE_STANDARD = "gnu++0x";
				CLANG_CXX_LIBRARY = "libc++";
				CLANG_ENABLE_MODULES = YES;
				CLANG_ENABLE_OBJC_ARC = YES;
				CLANG_WARN_BOOL_CONVERSION = YES;
				CLANG_WARN_CONSTANT_CONVERSION = YES;
				CLANG_WARN_DIRECT_OBJC_ISA_USAGE = YES_ERROR;
				CLANG_WARN_DOCUMENTATION_COMMENTS = YES;
				CLANG_WARN_EMPTY_BODY = YES;
				CLANG_WARN_ENUM_CONVERSION = YES;
				CLANG_WARN_INFINITE_RECURSION = YES;
				CLANG_WARN_INT_CONVERSION = YES;
				CLANG_WARN_OBJC_ROOT_CLASS = YES_ERROR;
				CLANG_WARN_SUSPICIOUS_MOVE = YES;
				CLANG_WARN_UNREACHABLE_CODE = YES;
				CLANG_WARN__DUPLICATE_METHOD_MATCH = YES;
				CODE_SIGN_IDENTITY = "-";
				COPY_PHASE_STRIP = NO;
				DEBUG_INFORMATION_FORMAT = "dwarf-with-dsym";
				ENABLE_NS_ASSERTIONS = NO;
				ENABLE_STRICT_OBJC_MSGSEND = YES;
				GCC_C_LANGUAGE_STANDARD = gnu99;
				GCC_NO_COMMON_BLOCKS = YES;
				GCC_WARN_64_TO_32_BIT_CONVERSION = YES;
				GCC_WARN_ABOUT_RETURN_TYPE = YES_ERROR;
				GCC_WARN_UNDECLARED_SELECTOR = YES;
				GCC_WARN_UNINITIALIZED_AUTOS = YES_AGGRESSIVE;
				GCC_WARN_UNUSED_FUNCTION = YES;
				GCC_WARN_UNUSED_VARIABLE = YES;
				MACOSX_DEPLOYMENT_TARGET = 10.12;
				MTL_ENABLE_DEBUG_INFO = NO;
				SDKROOT = macosx;
			};
			name = Release;
		};
		744EF0331E44FCA700DB1E81 /* Debug */ = {
			isa = XCBuildConfiguration;
			buildSettings = {
				CLANG_ENABLE_MODULES = YES;
				DEFINES_MODULE = NO;
				LD_RUNPATH_SEARCH_PATHS = "$(inherited) @executable_path/../Frameworks @loader_path/../Frameworks";
				PRODUCT_NAME = "$(TARGET_NAME)";
				SWIFT_OBJC_BRIDGING_HEADER = "EverOrg-Bridging-Header.h";
				SWIFT_OPTIMIZATION_LEVEL = "-Onone";
				SWIFT_VERSION = 3.0;
			};
			name = Debug;
		};
		744EF0341E44FCA700DB1E81 /* Release */ = {
			isa = XCBuildConfiguration;
			buildSettings = {
				CLANG_ENABLE_MODULES = YES;
				DEFINES_MODULE = NO;
				LD_RUNPATH_SEARCH_PATHS = "$(inherited) @executable_path/../Frameworks @loader_path/../Frameworks";
				PRODUCT_NAME = "$(TARGET_NAME)";
				SWIFT_OBJC_BRIDGING_HEADER = "EverOrg-Bridging-Header.h";
				SWIFT_VERSION = 3.0;
			};
			name = Release;
		};
		744EF0601E472D4D00DB1E81 /* Debug */ = {
			isa = XCBuildConfiguration;
			buildSettings = {
				COMBINE_HIDPI_IMAGES = YES;
				DEFINES_MODULE = NO;
				DEVELOPMENT_TEAM = 9VWR9JYXC6;
				INFOPLIST_FILE = EverOrgTests/Info.plist;
				LD_RUNPATH_SEARCH_PATHS = "$(inherited) @executable_path/../Frameworks @loader_path/../Frameworks";
				PRODUCT_BUNDLE_IDENTIFIER = com.schnuddelhuddel.EverOrgTests;
				PRODUCT_NAME = "$(TARGET_NAME)";
				SWIFT_ACTIVE_COMPILATION_CONDITIONS = DEBUG;
				SWIFT_OBJC_BRIDGING_HEADER = "EverOrg-Bridging-Header.h";
				SWIFT_VERSION = 3.0;
			};
			name = Debug;
		};
		744EF0611E472D4D00DB1E81 /* Release */ = {
			isa = XCBuildConfiguration;
			buildSettings = {
				COMBINE_HIDPI_IMAGES = YES;
				DEFINES_MODULE = NO;
				DEVELOPMENT_TEAM = 9VWR9JYXC6;
				INFOPLIST_FILE = EverOrgTests/Info.plist;
				LD_RUNPATH_SEARCH_PATHS = "$(inherited) @executable_path/../Frameworks @loader_path/../Frameworks";
				PRODUCT_BUNDLE_IDENTIFIER = com.schnuddelhuddel.EverOrgTests;
				PRODUCT_NAME = "$(TARGET_NAME)";
				SWIFT_OBJC_BRIDGING_HEADER = "EverOrg-Bridging-Header.h";
				SWIFT_OPTIMIZATION_LEVEL = "-Owholemodule";
				SWIFT_VERSION = 3.0;
			};
			name = Release;
		};
/* End XCBuildConfiguration section */

/* Begin XCConfigurationList section */
		744EF0261E44FCA700DB1E81 /* Build configuration list for PBXProject "EverOrg" */ = {
			isa = XCConfigurationList;
			buildConfigurations = (
				744EF0301E44FCA700DB1E81 /* Debug */,
				744EF0311E44FCA700DB1E81 /* Release */,
			);
			defaultConfigurationIsVisible = 0;
			defaultConfigurationName = Release;
		};
		744EF0321E44FCA700DB1E81 /* Build configuration list for PBXNativeTarget "EverOrg" */ = {
			isa = XCConfigurationList;
			buildConfigurations = (
				744EF0331E44FCA700DB1E81 /* Debug */,
				744EF0341E44FCA700DB1E81 /* Release */,
			);
			defaultConfigurationIsVisible = 0;
			defaultConfigurationName = Release;
		};
		744EF05F1E472D4D00DB1E81 /* Build configuration list for PBXNativeTarget "EverOrgTests" */ = {
			isa = XCConfigurationList;
			buildConfigurations = (
				744EF0601E472D4D00DB1E81 /* Debug */,
				744EF0611E472D4D00DB1E81 /* Release */,
			);
			defaultConfigurationIsVisible = 0;
			defaultConfigurationName = Release;
		};
/* End XCConfigurationList section */
	};
	rootObject = 744EF0231E44FCA700DB1E81 /* Project object */;
}
