// !$*UTF8*$!
{
	archiveVersion = 1;
	classes = {
	};
	objectVersion = 46;
	objects = {

/* Begin PBXBuildFile section */
		744EF02F1E44FCA700DB1E81 /* main.swift in Sources */ = {isa = PBXBuildFile; fileRef = 744EF02E1E44FCA700DB1E81 /* main.swift */; };
		744EF0361E44FD0A00DB1E81 /* ConsoleIO.swift in Sources */ = {isa = PBXBuildFile; fileRef = 744EF0351E44FD0A00DB1E81 /* ConsoleIO.swift */; };
		744EF0381E44FF3A00DB1E81 /* EverOrg.swift in Sources */ = {isa = PBXBuildFile; fileRef = 744EF0371E44FF3A00DB1E81 /* EverOrg.swift */; };
		744EF03A1E4509DB00DB1E81 /* EnexParser.swift in Sources */ = {isa = PBXBuildFile; fileRef = 744EF0391E4509DB00DB1E81 /* EnexParser.swift */; };
		744EF03C1E45196A00DB1E81 /* Note.swift in Sources */ = {isa = PBXBuildFile; fileRef = 744EF03B1E45196A00DB1E81 /* Note.swift */; };
		744EF03E1E45E4B200DB1E81 /* EnmlParser.swift in Sources */ = {isa = PBXBuildFile; fileRef = 744EF03D1E45E4B200DB1E81 /* EnmlParser.swift */; };
/* End PBXBuildFile section */

/* Begin PBXCopyFilesBuildPhase section */
		744EF0291E44FCA700DB1E81 /* CopyFiles */ = {
			isa = PBXCopyFilesBuildPhase;
			buildActionMask = 2147483647;
			dstPath = /usr/share/man/man1/;
			dstSubfolderSpec = 0;
			files = (
			);
			runOnlyForDeploymentPostprocessing = 1;
		};
/* End PBXCopyFilesBuildPhase section */

/* Begin PBXFileReference section */
		744EF02B1E44FCA700DB1E81 /* EverOrg */ = {isa = PBXFileReference; explicitFileType = "compiled.mach-o.executable"; includeInIndex = 0; path = EverOrg; sourceTree = BUILT_PRODUCTS_DIR; };
		744EF02E1E44FCA700DB1E81 /* main.swift */ = {isa = PBXFileReference; lastKnownFileType = sourcecode.swift; path = main.swift; sourceTree = "<group>"; };
		744EF0351E44FD0A00DB1E81 /* ConsoleIO.swift */ = {isa = PBXFileReference; fileEncoding = 4; lastKnownFileType = sourcecode.swift; path = ConsoleIO.swift; sourceTree = "<group>"; };
		744EF0371E44FF3A00DB1E81 /* EverOrg.swift */ = {isa = PBXFileReference; fileEncoding = 4; lastKnownFileType = sourcecode.swift; path = EverOrg.swift; sourceTree = "<group>"; };
		744EF0391E4509DB00DB1E81 /* EnexParser.swift */ = {isa = PBXFileReference; fileEncoding = 4; lastKnownFileType = sourcecode.swift; path = EnexParser.swift; sourceTree = "<group>"; };
		744EF03B1E45196A00DB1E81 /* Note.swift */ = {isa = PBXFileReference; fileEncoding = 4; lastKnownFileType = sourcecode.swift; path = Note.swift; sourceTree = "<group>"; };
		744EF03D1E45E4B200DB1E81 /* EnmlParser.swift */ = {isa = PBXFileReference; fileEncoding = 4; lastKnownFileType = sourcecode.swift; path = EnmlParser.swift; sourceTree = "<group>"; };
/* End PBXFileReference section */

/* Begin PBXFrameworksBuildPhase section */
		744EF0281E44FCA700DB1E81 /* Frameworks */ = {
			isa = PBXFrameworksBuildPhase;
			buildActionMask = 2147483647;
			files = (
			);
			runOnlyForDeploymentPostprocessing = 0;
		};
/* End PBXFrameworksBuildPhase section */

/* Begin PBXGroup section */
		744EF0221E44FCA700DB1E81 = {
			isa = PBXGroup;
			children = (
				744EF02D1E44FCA700DB1E81 /* EverOrg */,
				744EF02C1E44FCA700DB1E81 /* Products */,
			);
			sourceTree = "<group>";
		};
		744EF02C1E44FCA700DB1E81 /* Products */ = {
			isa = PBXGroup;
			children = (
				744EF02B1E44FCA700DB1E81 /* EverOrg */,
			);
			name = Products;
			sourceTree = "<group>";
		};
		744EF02D1E44FCA700DB1E81 /* EverOrg */ = {
			isa = PBXGroup;
			children = (
				744EF03B1E45196A00DB1E81 /* Note.swift */,
				744EF02E1E44FCA700DB1E81 /* main.swift */,
				744EF0351E44FD0A00DB1E81 /* ConsoleIO.swift */,
				744EF0371E44FF3A00DB1E81 /* EverOrg.swift */,
				744EF03D1E45E4B200DB1E81 /* EnmlParser.swift */,
				744EF0391E4509DB00DB1E81 /* EnexParser.swift */,
			);
			path = EverOrg;
			sourceTree = "<group>";
		};
/* End PBXGroup section */

/* Begin PBXNativeTarget section */
		744EF02A1E44FCA700DB1E81 /* EverOrg */ = {
			isa = PBXNativeTarget;
			buildConfigurationList = 744EF0321E44FCA700DB1E81 /* Build configuration list for PBXNativeTarget "EverOrg" */;
			buildPhases = (
				744EF0271E44FCA700DB1E81 /* Sources */,
				744EF0281E44FCA700DB1E81 /* Frameworks */,
				744EF0291E44FCA700DB1E81 /* CopyFiles */,
			);
			buildRules = (
			);
			dependencies = (
			);
			name = EverOrg;
			productName = EverOrg;
			productReference = 744EF02B1E44FCA700DB1E81 /* EverOrg */;
			productType = "com.apple.product-type.tool";
		};
/* End PBXNativeTarget section */

/* Begin PBXProject section */
		744EF0231E44FCA700DB1E81 /* Project object */ = {
			isa = PBXProject;
			attributes = {
				LastSwiftUpdateCheck = 0820;
				LastUpgradeCheck = 0820;
				ORGANIZATIONNAME = "Mario Martelli";
				TargetAttributes = {
					744EF02A1E44FCA700DB1E81 = {
						CreatedOnToolsVersion = 8.2.1;
						ProvisioningStyle = Automatic;
					};
				};
			};
			buildConfigurationList = 744EF0261E44FCA700DB1E81 /* Build configuration list for PBXProject "EverOrg" */;
			compatibilityVersion = "Xcode 3.2";
			developmentRegion = English;
			hasScannedForEncodings = 0;
			knownRegions = (
				en,
			);
			mainGroup = 744EF0221E44FCA700DB1E81;
			productRefGroup = 744EF02C1E44FCA700DB1E81 /* Products */;
			projectDirPath = "";
			projectRoot = "";
			targets = (
				744EF02A1E44FCA700DB1E81 /* EverOrg */,
			);
		};
/* End PBXProject section */

/* Begin PBXSourcesBuildPhase section */
		744EF0271E44FCA700DB1E81 /* Sources */ = {
			isa = PBXSourcesBuildPhase;
			buildActionMask = 2147483647;
			files = (
				744EF03E1E45E4B200DB1E81 /* EnmlParser.swift in Sources */,
				744EF03C1E45196A00DB1E81 /* Note.swift in Sources */,
				744EF03A1E4509DB00DB1E81 /* EnexParser.swift in Sources */,
				744EF0381E44FF3A00DB1E81 /* EverOrg.swift in Sources */,
				744EF02F1E44FCA700DB1E81 /* main.swift in Sources */,
				744EF0361E44FD0A00DB1E81 /* ConsoleIO.swift in Sources */,
			);
			runOnlyForDeploymentPostprocessing = 0;
		};
/* End PBXSourcesBuildPhase section */

/* Begin XCBuildConfiguration section */
		744EF0301E44FCA700DB1E81 /* Debug */ = {
			isa = XCBuildConfiguration;
			buildSettings = {
				ALWAYS_SEARCH_USER_PATHS = NO;
				CLANG_ANALYZER_NONNULL = YES;
				CLANG_CXX_LANGUAGE_STANDARD = "gnu++0x";
				CLANG_CXX_LIBRARY = "libc++";
				CLANG_ENABLE_MODULES = YES;
				CLANG_ENABLE_OBJC_ARC = YES;
				CLANG_WARN_BOOL_CONVERSION = YES;
				CLANG_WARN_CONSTANT_CONVERSION = YES;
				CLANG_WARN_DIRECT_OBJC_ISA_USAGE = YES_ERROR;
				CLANG_WARN_DOCUMENTATION_COMMENTS = YES;
				CLANG_WARN_EMPTY_BODY = YES;
				CLANG_WARN_ENUM_CONVERSION = YES;
				CLANG_WARN_INFINITE_RECURSION = YES;
				CLANG_WARN_INT_CONVERSION = YES;
				CLANG_WARN_OBJC_ROOT_CLASS = YES_ERROR;
				CLANG_WARN_SUSPICIOUS_MOVE = YES;
				CLANG_WARN_UNREACHABLE_CODE = YES;
				CLANG_WARN__DUPLICATE_METHOD_MATCH = YES;
				CODE_SIGN_IDENTITY = "-";
				COPY_PHASE_STRIP = NO;
				DEBUG_INFORMATION_FORMAT = dwarf;
				ENABLE_STRICT_OBJC_MSGSEND = YES;
				ENABLE_TESTABILITY = YES;
				GCC_C_LANGUAGE_STANDARD = gnu99;
				GCC_DYNAMIC_NO_PIC = NO;
				GCC_NO_COMMON_BLOCKS = YES;
				GCC_OPTIMIZATION_LEVEL = 0;
				GCC_PREPROCESSOR_DEFINITIONS = (
					"DEBUG=1",
					"$(inherited)",
				);
				GCC_WARN_64_TO_32_BIT_CONVERSION = YES;
				GCC_WARN_ABOUT_RETURN_TYPE = YES_ERROR;
				GCC_WARN_UNDECLARED_SELECTOR = YES;
				GCC_WARN_UNINITIALIZED_AUTOS = YES_AGGRESSIVE;
				GCC_WARN_UNUSED_FUNCTION = YES;
				GCC_WARN_UNUSED_VARIABLE = YES;
				MACOSX_DEPLOYMENT_TARGET = 10.12;
				MTL_ENABLE_DEBUG_INFO = YES;
				ONLY_ACTIVE_ARCH = YES;
				SDKROOT = macosx;
				SWIFT_OPTIMIZATION_LEVEL = "-Onone";
			};
			name = Debug;
		};
		744EF0311E44FCA700DB1E81 /* Release */ = {
			isa = XCBuildConfiguration;
			buildSettings = {
				ALWAYS_SEARCH_USER_PATHS = NO;
				CLANG_ANALYZER_NONNULL = YES;
				CLANG_CXX_LANGUAGE_STANDARD = "gnu++0x";
				CLANG_CXX_LIBRARY = "libc++";
				CLANG_ENABLE_MODULES = YES;
				CLANG_ENABLE_OBJC_ARC = YES;
				CLANG_WARN_BOOL_CONVERSION = YES;
				CLANG_WARN_CONSTANT_CONVERSION = YES;
				CLANG_WARN_DIRECT_OBJC_ISA_USAGE = YES_ERROR;
				CLANG_WARN_DOCUMENTATION_COMMENTS = YES;
				CLANG_WARN_EMPTY_BODY = YES;
				CLANG_WARN_ENUM_CONVERSION = YES;
				CLANG_WARN_INFINITE_RECURSION = YES;
				CLANG_WARN_INT_CONVERSION = YES;
				CLANG_WARN_OBJC_ROOT_CLASS = YES_ERROR;
				CLANG_WARN_SUSPICIOUS_MOVE = YES;
				CLANG_WARN_UNREACHABLE_CODE = YES;
				CLANG_WARN__DUPLICATE_METHOD_MATCH = YES;
				CODE_SIGN_IDENTITY = "-";
				COPY_PHASE_STRIP = NO;
				DEBUG_INFORMATION_FORMAT = "dwarf-with-dsym";
				ENABLE_NS_ASSERTIONS = NO;
				ENABLE_STRICT_OBJC_MSGSEND = YES;
				GCC_C_LANGUAGE_STANDARD = gnu99;
				GCC_NO_COMMON_BLOCKS = YES;
				GCC_WARN_64_TO_32_BIT_CONVERSION = YES;
				GCC_WARN_ABOUT_RETURN_TYPE = YES_ERROR;
				GCC_WARN_UNDECLARED_SELECTOR = YES;
				GCC_WARN_UNINITIALIZED_AUTOS = YES_AGGRESSIVE;
				GCC_WARN_UNUSED_FUNCTION = YES;
				GCC_WARN_UNUSED_VARIABLE = YES;
				MACOSX_DEPLOYMENT_TARGET = 10.12;
				MTL_ENABLE_DEBUG_INFO = NO;
				SDKROOT = macosx;
			};
			name = Release;
		};
		744EF0331E44FCA700DB1E81 /* Debug */ = {
			isa = XCBuildConfiguration;
			buildSettings = {
				PRODUCT_NAME = "$(TARGET_NAME)";
				SWIFT_VERSION = 3.0;
			};
			name = Debug;
		};
		744EF0341E44FCA700DB1E81 /* Release */ = {
			isa = XCBuildConfiguration;
			buildSettings = {
				PRODUCT_NAME = "$(TARGET_NAME)";
				SWIFT_VERSION = 3.0;
			};
			name = Release;
		};
/* End XCBuildConfiguration section */

/* Begin XCConfigurationList section */
		744EF0261E44FCA700DB1E81 /* Build configuration list for PBXProject "EverOrg" */ = {
			isa = XCConfigurationList;
			buildConfigurations = (
				744EF0301E44FCA700DB1E81 /* Debug */,
				744EF0311E44FCA700DB1E81 /* Release */,
			);
			defaultConfigurationIsVisible = 0;
			defaultConfigurationName = Release;
		};
		744EF0321E44FCA700DB1E81 /* Build configuration list for PBXNativeTarget "EverOrg" */ = {
			isa = XCConfigurationList;
			buildConfigurations = (
				744EF0331E44FCA700DB1E81 /* Debug */,
				744EF0341E44FCA700DB1E81 /* Release */,
			);
			defaultConfigurationIsVisible = 0;
		};
/* End XCConfigurationList section */
	};
	rootObject = 744EF0231E44FCA700DB1E81 /* Project object */;
}
